
Microsoft Visual Studio Solution File, Format Version 12.00
# Visual Studio Version 17
VisualStudioVersion = 17.12.35521.163
MinimumVisualStudioVersion = 10.0.40219.1
Project("{FAE04EC0-301F-11D3-BF4B-00C04F79EFBC}") = "SNGGameService", "SNGGameServices\SNGGameService.csproj", "{100C72F0-F2BC-4A46-AFEF-8082FC21493F}"
EndProject
Project("{FAE04EC0-301F-11D3-BF4B-00C04F79EFBC}") = "UserService", "UserService\UserService.csproj", "{5D8FD067-8479-4A1D-89FC-6AF95F845E5B}"
EndProject
Project("{E53339B2-1760-4266-BCC7-CA923CBCF16C}") = "docker-compose", "docker-compose.dcproj", "{623A5131-6F49-4C02-9E55-7DC5262047CC}"
EndProject
Project("{FAE04EC0-301F-11D3-BF4B-00C04F79EFBC}") = "BannedService", "BannedService\BannedService.csproj", "{528871D1-A973-4E5A-A40A-6B4E802546DD}"
EndProject
Project("{FAE04EC0-301F-11D3-BF4B-00C04F79EFBC}") = "StudioGameService", "StudioGameService\StudioGameService.csproj", "{3B3C2453-902C-4212-ACF5-76933D8BF0FD}"
EndProject
Project("{FAE04EC0-301F-11D3-BF4B-00C04F79EFBC}") = "UserActivityService", "UserActivity\UserActivityService.csproj", "{65CB59B1-45CB-47F1-8177-D3C849968BD7}"
EndProject
Global
	GlobalSection(SolutionConfigurationPlatforms) = preSolution
		Debug|Any CPU = Debug|Any CPU
		Release|Any CPU = Release|Any CPU
	EndGlobalSection
	GlobalSection(ProjectConfigurationPlatforms) = postSolution
		{100C72F0-F2BC-4A46-AFEF-8082FC21493F}.Debug|Any CPU.ActiveCfg = Debug|Any CPU
		{100C72F0-F2BC-4A46-AFEF-8082FC21493F}.Debug|Any CPU.Build.0 = Debug|Any CPU
		{100C72F0-F2BC-4A46-AFEF-8082FC21493F}.Release|Any CPU.ActiveCfg = Release|Any CPU
		{100C72F0-F2BC-4A46-AFEF-8082FC21493F}.Release|Any CPU.Build.0 = Release|Any CPU
		{5D8FD067-8479-4A1D-89FC-6AF95F845E5B}.Debug|Any CPU.ActiveCfg = Debug|Any CPU
		{5D8FD067-8479-4A1D-89FC-6AF95F845E5B}.Debug|Any CPU.Build.0 = Debug|Any CPU
		{5D8FD067-8479-4A1D-89FC-6AF95F845E5B}.Release|Any CPU.ActiveCfg = Release|Any CPU
		{5D8FD067-8479-4A1D-89FC-6AF95F845E5B}.Release|Any CPU.Build.0 = Release|Any CPU
		{623A5131-6F49-4C02-9E55-7DC5262047CC}.Debug|Any CPU.ActiveCfg = Debug|Any CPU
		{623A5131-6F49-4C02-9E55-7DC5262047CC}.Debug|Any CPU.Build.0 = Debug|Any CPU
		{623A5131-6F49-4C02-9E55-7DC5262047CC}.Release|Any CPU.ActiveCfg = Release|Any CPU
		{623A5131-6F49-4C02-9E55-7DC5262047CC}.Release|Any CPU.Build.0 = Release|Any CPU
		{528871D1-A973-4E5A-A40A-6B4E802546DD}.Debug|Any CPU.ActiveCfg = Debug|Any CPU
		{528871D1-A973-4E5A-A40A-6B4E802546DD}.Debug|Any CPU.Build.0 = Debug|Any CPU
		{528871D1-A973-4E5A-A40A-6B4E802546DD}.Release|Any CPU.ActiveCfg = Release|Any CPU
		{528871D1-A973-4E5A-A40A-6B4E802546DD}.Release|Any CPU.Build.0 = Release|Any CPU
		{3B3C2453-902C-4212-ACF5-76933D8BF0FD}.Debug|Any CPU.ActiveCfg = Debug|Any CPU
		{3B3C2453-902C-4212-ACF5-76933D8BF0FD}.Debug|Any CPU.Build.0 = Debug|Any CPU
		{3B3C2453-902C-4212-ACF5-76933D8BF0FD}.Release|Any CPU.ActiveCfg = Release|Any CPU
		{3B3C2453-902C-4212-ACF5-76933D8BF0FD}.Release|Any CPU.Build.0 = Release|Any CPU
		{65CB59B1-45CB-47F1-8177-D3C849968BD7}.Debug|Any CPU.ActiveCfg = Debug|Any CPU
		{65CB59B1-45CB-47F1-8177-D3C849968BD7}.Debug|Any CPU.Build.0 = Debug|Any CPU
		{65CB59B1-45CB-47F1-8177-D3C849968BD7}.Release|Any CPU.ActiveCfg = Release|Any CPU
		{65CB59B1-45CB-47F1-8177-D3C849968BD7}.Release|Any CPU.Build.0 = Release|Any CPU
	EndGlobalSection
	GlobalSection(SolutionProperties) = preSolution
		HideSolutionNode = FALSE
	EndGlobalSection
EndGlobal
